
Microsoft Visual Studio Solution File, Format Version 12.00
# Visual Studio Version 17
VisualStudioVersion = 17.9.34902.65
MinimumVisualStudioVersion = 10.0.40219.1
Project("{FAE04EC0-301F-11D3-BF4B-00C04F79EFBC}") = "SqlScriptGenerator", "SqlScriptGenerator\SqlScriptGenerator.csproj", "{FBE459DF-157D-409A-B021-B6C8F6EDDB00}"
EndProject
Global
	GlobalSection(SolutionConfigurationPlatforms) = preSolution
		Debug|Any CPU = Debug|Any CPU
		Release|Any CPU = Release|Any CPU
	EndGlobalSection
	GlobalSection(ProjectConfigurationPlatforms) = postSolution
		{FBE459DF-157D-409A-B021-B6C8F6EDDB00}.Debug|Any CPU.ActiveCfg = Debug|Any CPU
		{FBE459DF-157D-409A-B021-B6C8F6EDDB00}.Debug|Any CPU.Build.0 = Debug|Any CPU
		{FBE459DF-157D-409A-B021-B6C8F6EDDB00}.Release|Any CPU.ActiveCfg = Release|Any CPU
		{FBE459DF-157D-409A-B021-B6C8F6EDDB00}.Release|Any CPU.Build.0 = Release|Any CPU
	EndGlobalSection
	GlobalSection(SolutionProperties) = preSolution
		HideSolutionNode = FALSE
	EndGlobalSection
	GlobalSection(ExtensibilityGlobals) = postSolution
		SolutionGuid = {6E4ADD09-765C-4B45-9B69-0C6E3D3CE113}
	EndGlobalSection
EndGlobal
